<?xml version="1.0" encoding="utf-8"?>
<Project ToolsVersion="4.0" xmlns="http://schemas.microsoft.com/developer/msbuild/2003">
  <ItemGroup>
    <Filter Include="Header Files">
      <UniqueIdentifier>{93995380-89BD-4b04-88EB-625FBE52EBFB}</UniqueIdentifier>
      <Extensions>h;hh;hpp;hxx;hm;inl;inc;xsd</Extensions>
    </Filter>
    <Filter Include="Source Files">
      <UniqueIdentifier>{4FC737F1-C7A5-4376-A066-2A32D752A2FF}</UniqueIdentifier>
      <Extensions>cpp;c;cc;cxx;def;odl;idl;hpj;bat;asm;asmx</Extensions>
    </Filter>
  </ItemGroup>
  <ItemGroup>
    <ClInclude Include="commonspp.h">
      <Filter>Header Files</Filter>
    </ClInclude>
    <ClInclude Include="debuger.h">
      <Filter>Header Files</Filter>
    </ClInclude>
    <ClInclude Include="defines.h">
      <Filter>Header Files</Filter>
    </ClInclude>
    <ClInclude Include="excel.h">
      <Filter>Header Files</Filter>
    </ClInclude>
    <ClInclude Include="exception.h">
      <Filter>Header Files</Filter>
    </ClInclude>
    <ClInclude Include="lookaside.h">
      <Filter>Header Files</Filter>
    </ClInclude>
    <ClInclude Include="lzoconf.h">
      <Filter>Header Files</Filter>
    </ClInclude>
    <ClInclude Include="lzodefs.h">
      <Filter>Header Files</Filter>
    </ClInclude>
    <ClInclude Include="markupstl.h">
      <Filter>Header Files</Filter>
    </ClInclude>
    <ClInclude Include="md5.h">
      <Filter>Header Files</Filter>
    </ClInclude>
    <ClInclude Include="minilzo.h">
      <Filter>Header Files</Filter>
    </ClInclude>
    <ClInclude Include="serialization.h">
      <Filter>Header Files</Filter>
    </ClInclude>
    <ClInclude Include="sha1.h">
      <Filter>Header Files</Filter>
    </ClInclude>
    <ClInclude Include="singleton.h">
      <Filter>Header Files</Filter>
    </ClInclude>
    <ClInclude Include="thread_pool.h">
      <Filter>Header Files</Filter>
    </ClInclude>
    <ClInclude Include="timer_manager.h">
      <Filter>Header Files</Filter>
    </ClInclude>
    <ClInclude Include="logger.h">
      <Filter>Header Files</Filter>
    </ClInclude>
    <ClInclude Include="console.h">
      <Filter>Header Files</Filter>
    </ClInclude>
    <ClInclude Include="shmbuf.h">
      <Filter>Header Files</Filter>
    </ClInclude>
    <ClInclude Include="xsystem.h">
      <Filter>Header Files</Filter>
    </ClInclude>
    <ClInclude Include="xbuffer.h">
      <Filter>Header Files</Filter>
    </ClInclude>
    <ClInclude Include="synchronous.h">
      <Filter>Header Files</Filter>
    </ClInclude>
    <ClInclude Include="freelist.h">
      <Filter>Header Files</Filter>
    </ClInclude>
    <ClInclude Include="dispatcher.h">
      <Filter>Header Files</Filter>
    </ClInclude>
    <ClInclude Include="allocator.h">
      <Filter>Header Files</Filter>
    </ClInclude>
    <ClInclude Include="datetime.h">
      <Filter>Header Files</Filter>
    </ClInclude>
    <ClInclude Include="xutility.h">
      <Filter>Header Files</Filter>
    </ClInclude>
    <ClInclude Include="json\autolink.h">
      <Filter>Header Files</Filter>
    </ClInclude>
    <ClInclude Include="json\config.h">
      <Filter>Header Files</Filter>
    </ClInclude>
    <ClInclude Include="json\features.h">
      <Filter>Header Files</Filter>
    </ClInclude>
    <ClInclude Include="json\forwards.h">
      <Filter>Header Files</Filter>
    </ClInclude>
    <ClInclude Include="json\json.h">
      <Filter>Header Files</Filter>
    </ClInclude>
    <ClInclude Include="json\json_batchallocator.h">
      <Filter>Header Files</Filter>
    </ClInclude>
    <ClInclude Include="json\json_printer.h">
      <Filter>Header Files</Filter>
    </ClInclude>
    <ClInclude Include="json\reader.h">
      <Filter>Header Files</Filter>
    </ClInclude>
    <ClInclude Include="json\value.h">
      <Filter>Header Files</Filter>
    </ClInclude>
    <ClInclude Include="json\writer.h">
      <Filter>Header Files</Filter>
    </ClInclude>
    <ClInclude Include="deelx.h">
      <Filter>Header Files</Filter>
    </ClInclude>
    <ClInclude Include="destructor.h">
      <Filter>Header Files</Filter>
    </ClInclude>
    <ClInclude Include="ini.h">
      <Filter>Header Files</Filter>
    </ClInclude>
    <ClInclude Include="auto_handle.h">
      <Filter>Header Files</Filter>
    </ClInclude>
    <ClInclude Include="getopt.h">
      <Filter>Header Files</Filter>
    </ClInclude>
  </ItemGroup>
  <ItemGroup>
    <ClCompile Include="debuger.cpp">
      <Filter>Source Files</Filter>
    </ClCompile>
    <ClCompile Include="excel.cpp">
      <Filter>Source Files</Filter>
    </ClCompile>
    <ClCompile Include="exception.cpp">
      <Filter>Source Files</Filter>
    </ClCompile>
    <ClCompile Include="lookaside.cpp">
      <Filter>Source Files</Filter>
    </ClCompile>
    <ClCompile Include="markupstl.cpp">
      <Filter>Source Files</Filter>
    </ClCompile>
    <ClCompile Include="md5.cpp">
      <Filter>Source Files</Filter>
    </ClCompile>
    <ClCompile Include="minilzo.c">
      <Filter>Source Files</Filter>
    </ClCompile>
    <ClCompile Include="serialization.cpp">
      <Filter>Source Files</Filter>
    </ClCompile>
    <ClCompile Include="sha1.cpp">
      <Filter>Source Files</Filter>
    </ClCompile>
    <ClCompile Include="singleton.cpp">
      <Filter>Source Files</Filter>
    </ClCompile>
    <ClCompile Include="thread_pool.cpp">
      <Filter>Source Files</Filter>
    </ClCompile>
    <ClCompile Include="timer_manager.cpp">
      <Filter>Source Files</Filter>
    </ClCompile>
    <ClCompile Include="logger.cpp">
      <Filter>Source Files</Filter>
    </ClCompile>
    <ClCompile Include="console.cpp">
      <Filter>Source Files</Filter>
    </ClCompile>
    <ClCompile Include="shmbuf.cpp">
      <Filter>Source Files</Filter>
    </ClCompile>
    <ClCompile Include="xsystem.cpp">
      <Filter>Source Files</Filter>
    </ClCompile>
    <ClCompile Include="xbuffer.cpp">
      <Filter>Source Files</Filter>
    </ClCompile>
    <ClCompile Include="allocator.cpp">
      <Filter>Source Files</Filter>
    </ClCompile>
    <ClCompile Include="json\json_printer.cpp">
      <Filter>Source Files</Filter>
    </ClCompile>
    <ClCompile Include="json\json_reader.cpp">
      <Filter>Source Files</Filter>
    </ClCompile>
    <ClCompile Include="json\json_value.cpp">
      <Filter>Source Files</Filter>
    </ClCompile>
    <ClCompile Include="json\json_writer.cpp">
      <Filter>Source Files</Filter>
    </ClCompile>
    <ClCompile Include="xutility.cpp">
      <Filter>Source Files</Filter>
    </ClCompile>
    <ClCompile Include="ini.cpp">
      <Filter>Source Files</Filter>
    </ClCompile>
    <ClCompile Include="auto_handle.cpp">
      <Filter>Source Files</Filter>
    </ClCompile>
    <ClCompile Include="exports.h">
      <Filter>Header Files</Filter>
    </ClCompile>
    <ClCompile Include="getopt.cpp">
      <Filter>Source Files</Filter>
    </ClCompile>
  </ItemGroup>
  <ItemGroup>
    <None Include="json\json_internalarray.inl">
      <Filter>Header Files</Filter>
    </None>
    <None Include="json\json_internalmap.inl">
      <Filter>Header Files</Filter>
    </None>
    <None Include="json\json_valueiterator.inl">
      <Filter>Header Files</Filter>
    </None>
  </ItemGroup>
</Project>