<?xml version="1.0" encoding="utf-8"?>
<Project ToolsVersion="4.0" xmlns="http://schemas.microsoft.com/developer/msbuild/2003">
  <ItemGroup>
    <ClInclude Include="Database.h" />
    <ClInclude Include="db_mysql.h" />
    <ClInclude Include="mssql.h" />
    <ClInclude Include="stdafx.h" />
    <ClInclude Include="targetver.h" />
    <ClInclude Include="table_maker.h" />
  </ItemGroup>
  <ItemGroup>
    <ClCompile Include="Database.cpp" />
    <ClCompile Include="db_mysql.cpp" />
    <ClCompile Include="db_mysql_api.cpp" />
    <ClCompile Include="stdafx.cpp" />
    <ClCompile Include="table_maker.cpp" />
  </ItemGroup>
</Project>