<?xml version="1.0" encoding="utf-8"?>
<Project ToolsVersion="4.0" xmlns="http://schemas.microsoft.com/developer/msbuild/2003">
  <ItemGroup>
    <Filter Include="Source Files">
      <UniqueIdentifier>{4FC737F1-C7A5-4376-A066-2A32D752A2FF}</UniqueIdentifier>
      <Extensions>cpp;c;cc;cxx;def;odl;idl;hpj;bat;asm;asmx</Extensions>
    </Filter>
    <Filter Include="Header Files">
      <UniqueIdentifier>{93995380-89BD-4b04-88EB-625FBE52EBFB}</UniqueIdentifier>
      <Extensions>h;hh;hpp;hxx;hm;inl;inc;xsd</Extensions>
    </Filter>
  </ItemGroup>
  <ItemGroup>
    <Text Include="ReadMe.txt" />
  </ItemGroup>
  <ItemGroup>
    <ClInclude Include="stdafx.h">
      <Filter>Header Files</Filter>
    </ClInclude>
    <ClInclude Include="targetver.h">
      <Filter>Header Files</Filter>
    </ClInclude>
    <ClInclude Include="ServerConsole.h">
      <Filter>Header Files</Filter>
    </ClInclude>
    <ClInclude Include="ServerDatabase.h">
      <Filter>Header Files</Filter>
    </ClInclude>
    <ClInclude Include="ServerLogger.h">
      <Filter>Header Files</Filter>
    </ClInclude>
    <ClInclude Include="MessageHandler.h">
      <Filter>Header Files</Filter>
    </ClInclude>
    <ClInclude Include="ServerNetwork.h">
      <Filter>Header Files</Filter>
    </ClInclude>
    <ClInclude Include="ServerBase.h">
      <Filter>Header Files</Filter>
    </ClInclude>
    <ClInclude Include="GateSession.h">
      <Filter>Header Files</Filter>
    </ClInclude>
    <ClInclude Include="GameSession.h">
      <Filter>Header Files</Filter>
    </ClInclude>
    <ClInclude Include="ServerDefines.h">
      <Filter>Header Files</Filter>
    </ClInclude>
    <ClInclude Include="ServerService.h">
      <Filter>Header Files</Filter>
    </ClInclude>
    <ClInclude Include="PipeSession.h">
      <Filter>Header Files</Filter>
    </ClInclude>
    <ClInclude Include="ServerCommand.h">
      <Filter>Header Files</Filter>
    </ClInclude>
    <ClInclude Include="ServerEventLog.h">
      <Filter>Header Files</Filter>
    </ClInclude>
    <ClInclude Include="ServerParams.h">
      <Filter>Header Files</Filter>
    </ClInclude>
    <ClInclude Include="ServerMonitor.h">
      <Filter>Header Files</Filter>
    </ClInclude>
    <ClInclude Include="ServerRefresh.h">
      <Filter>Header Files</Filter>
    </ClInclude>
    <ClInclude Include="ServerSvc.h">
      <Filter>Header Files</Filter>
    </ClInclude>
    <ClInclude Include="UnitTest.h">
      <Filter>Header Files</Filter>
    </ClInclude>
    <ClInclude Include="ServerAsyncEvt.h">
      <Filter>Header Files</Filter>
    </ClInclude>
    <ClInclude Include="ServerSequence.h">
      <Filter>Header Files</Filter>
    </ClInclude>
    <ClInclude Include="BaseSession.h">
      <Filter>Header Files</Filter>
    </ClInclude>
  </ItemGroup>
  <ItemGroup>
    <ClCompile Include="stdafx.cpp">
      <Filter>Source Files</Filter>
    </ClCompile>
    <ClCompile Include="ServerBase.cpp">
      <Filter>Source Files</Filter>
    </ClCompile>
    <ClCompile Include="ServerConsole.cpp">
      <Filter>Source Files</Filter>
    </ClCompile>
    <ClCompile Include="ServerDatabase.cpp">
      <Filter>Source Files</Filter>
    </ClCompile>
    <ClCompile Include="ServerLogger.cpp">
      <Filter>Source Files</Filter>
    </ClCompile>
    <ClCompile Include="MessageHandler.cpp">
      <Filter>Source Files</Filter>
    </ClCompile>
    <ClCompile Include="ServerNetwork.cpp">
      <Filter>Source Files</Filter>
    </ClCompile>
    <ClCompile Include="GateSession.cpp">
      <Filter>Source Files</Filter>
    </ClCompile>
    <ClCompile Include="GameSession.cpp">
      <Filter>Source Files</Filter>
    </ClCompile>
    <ClCompile Include="ServerService.cpp">
      <Filter>Source Files</Filter>
    </ClCompile>
    <ClCompile Include="PipeSession.cpp">
      <Filter>Source Files</Filter>
    </ClCompile>
    <ClCompile Include="ServerCommand.cpp">
      <Filter>Source Files</Filter>
    </ClCompile>
    <ClCompile Include="ServerEventLog.cpp">
      <Filter>Source Files</Filter>
    </ClCompile>
    <ClCompile Include="ServerParams.cpp">
      <Filter>Source Files</Filter>
    </ClCompile>
    <ClCompile Include="ServerMonitor.cpp">
      <Filter>Source Files</Filter>
    </ClCompile>
    <ClCompile Include="ServerRefresh.cpp">
      <Filter>Source Files</Filter>
    </ClCompile>
    <ClCompile Include="ServerSvc.cpp">
      <Filter>Source Files</Filter>
    </ClCompile>
    <ClCompile Include="UnitTest.cpp">
      <Filter>Source Files</Filter>
    </ClCompile>
    <ClCompile Include="ServerAsyncEvt.cpp">
      <Filter>Source Files</Filter>
    </ClCompile>
    <ClCompile Include="ServerSequence.cpp">
      <Filter>Source Files</Filter>
    </ClCompile>
  </ItemGroup>
</Project>