<?xml version="1.0" encoding="utf-8"?>
<Project ToolsVersion="4.0" xmlns="http://schemas.microsoft.com/developer/msbuild/2003">
  <ItemGroup>
    <Filter Include="Source Files">
      <UniqueIdentifier>{4FC737F1-C7A5-4376-A066-2A32D752A2FF}</UniqueIdentifier>
      <Extensions>cpp;c;cc;cxx;def;odl;idl;hpj;bat;asm;asmx</Extensions>
    </Filter>
    <Filter Include="Header Files">
      <UniqueIdentifier>{93995380-89BD-4b04-88EB-625FBE52EBFB}</UniqueIdentifier>
      <Extensions>h;hh;hpp;hxx;hm;inl;inc;xsd</Extensions>
    </Filter>
    <Filter Include="Resource Files">
      <UniqueIdentifier>{67DA6AB6-F800-4c08-8B7A-83BB121AAD01}</UniqueIdentifier>
      <Extensions>rc;ico;cur;bmp;dlg;rc2;rct;bin;rgs;gif;jpg;jpeg;jpe;resx;tiff;tif;png;wav;mfcribbon-ms</Extensions>
    </Filter>
  </ItemGroup>
  <ItemGroup>
    <Text Include="ReadMe.txt" />
  </ItemGroup>
  <ItemGroup>
    <ClInclude Include="stdafx.h">
      <Filter>Header Files</Filter>
    </ClInclude>
    <ClInclude Include="targetver.h">
      <Filter>Header Files</Filter>
    </ClInclude>
    <ClInclude Include="XAction.h">
      <Filter>Header Files</Filter>
    </ClInclude>
    <ClInclude Include="XGameMap.h">
      <Filter>Header Files</Filter>
    </ClInclude>
    <ClInclude Include="XGameObject.h">
      <Filter>Header Files</Filter>
    </ClInclude>
    <ClInclude Include="XMath.h">
      <Filter>Header Files</Filter>
    </ClInclude>
    <ClInclude Include="XObject.h">
      <Filter>Header Files</Filter>
    </ClInclude>
    <ClInclude Include="XQuest.h">
      <Filter>Header Files</Filter>
    </ClInclude>
    <ClInclude Include="XSkillBase.h">
      <Filter>Header Files</Filter>
    </ClInclude>
    <ClInclude Include="XStateObject.h">
      <Filter>Header Files</Filter>
    </ClInclude>
    <ClInclude Include="XTeam.h">
      <Filter>Header Files</Filter>
    </ClInclude>
    <ClInclude Include="XVector2.h">
      <Filter>Header Files</Filter>
    </ClInclude>
    <ClInclude Include="XVector3.h">
      <Filter>Header Files</Filter>
    </ClInclude>
    <ClInclude Include="GameCore.h">
      <Filter>Header Files</Filter>
    </ClInclude>
    <ClInclude Include="XVariant.h">
      <Filter>Header Files</Filter>
    </ClInclude>
    <ClInclude Include="XCoreDefine.h">
      <Filter>Header Files</Filter>
    </ClInclude>
    <ClInclude Include="XCharactor.h">
      <Filter>Header Files</Filter>
    </ClInclude>
    <ClInclude Include="XGeometry.h">
      <Filter>Header Files</Filter>
    </ClInclude>
    <ClInclude Include="XClassInfo.h">
      <Filter>Header Files</Filter>
    </ClInclude>
    <ClInclude Include="XObjectComposition.h">
      <Filter>Header Files</Filter>
    </ClInclude>
    <ClInclude Include="XSchema.h">
      <Filter>Header Files</Filter>
    </ClInclude>
    <ClInclude Include="XAStar.h">
      <Filter>Header Files</Filter>
    </ClInclude>
    <ClInclude Include="XStateBase.h">
      <Filter>Header Files</Filter>
    </ClInclude>
    <ClInclude Include="XGoods.h">
      <Filter>Header Files</Filter>
    </ClInclude>
    <ClInclude Include="XPacketBag.h">
      <Filter>Header Files</Filter>
    </ClInclude>
  </ItemGroup>
  <ItemGroup>
    <ClCompile Include="stdafx.cpp">
      <Filter>Source Files</Filter>
    </ClCompile>
    <ClCompile Include="dllmain.cpp">
      <Filter>Source Files</Filter>
    </ClCompile>
    <ClCompile Include="XAction.cpp">
      <Filter>Source Files</Filter>
    </ClCompile>
    <ClCompile Include="XGameMap.cpp">
      <Filter>Source Files</Filter>
    </ClCompile>
    <ClCompile Include="XGameObject.cpp">
      <Filter>Source Files</Filter>
    </ClCompile>
    <ClCompile Include="XMath.cpp">
      <Filter>Source Files</Filter>
    </ClCompile>
    <ClCompile Include="XObject.cpp">
      <Filter>Source Files</Filter>
    </ClCompile>
    <ClCompile Include="XQuest.cpp">
      <Filter>Source Files</Filter>
    </ClCompile>
    <ClCompile Include="XSkillBase.cpp">
      <Filter>Source Files</Filter>
    </ClCompile>
    <ClCompile Include="XStateObject.cpp">
      <Filter>Source Files</Filter>
    </ClCompile>
    <ClCompile Include="XTeam.cpp">
      <Filter>Source Files</Filter>
    </ClCompile>
    <ClCompile Include="GameCore.cpp">
      <Filter>Source Files</Filter>
    </ClCompile>
    <ClCompile Include="XCharactor.cpp">
      <Filter>Source Files</Filter>
    </ClCompile>
    <ClCompile Include="XVariant.cpp">
      <Filter>Source Files</Filter>
    </ClCompile>
    <ClCompile Include="XClassInfo.cpp">
      <Filter>Source Files</Filter>
    </ClCompile>
    <ClCompile Include="XObjectComposition.cpp">
      <Filter>Source Files</Filter>
    </ClCompile>
    <ClCompile Include="XAStar.cpp">
      <Filter>Source Files</Filter>
    </ClCompile>
    <ClCompile Include="XStateBase.cpp">
      <Filter>Source Files</Filter>
    </ClCompile>
    <ClCompile Include="XGoods.cpp">
      <Filter>Source Files</Filter>
    </ClCompile>
    <ClCompile Include="XPacketBag.cpp">
      <Filter>Source Files</Filter>
    </ClCompile>
    <ClCompile Include="XSchema.cpp">
      <Filter>Source Files</Filter>
    </ClCompile>
  </ItemGroup>
  <ItemGroup>
    <None Include="XMath.inl">
      <Filter>Header Files</Filter>
    </None>
    <None Include="XVector2.inl">
      <Filter>Header Files</Filter>
    </None>
    <None Include="XVector3.inl">
      <Filter>Header Files</Filter>
    </None>
  </ItemGroup>
</Project>