<?xml version="1.0" encoding="utf-8"?>
<Project ToolsVersion="4.0" xmlns="http://schemas.microsoft.com/developer/msbuild/2003">
  <ItemGroup>
    <Filter Include="Source Files">
      <UniqueIdentifier>{4FC737F1-C7A5-4376-A066-2A32D752A2FF}</UniqueIdentifier>
      <Extensions>cpp;c;cc;cxx;def;odl;idl;hpj;bat;asm;asmx</Extensions>
    </Filter>
    <Filter Include="Header Files">
      <UniqueIdentifier>{93995380-89BD-4b04-88EB-625FBE52EBFB}</UniqueIdentifier>
      <Extensions>h;hpp;hxx;hm;inl;inc;xsd</Extensions>
    </Filter>
  </ItemGroup>
  <ItemGroup>
    <ClCompile Include="asio_AsyncConnector.cpp">
      <Filter>Source Files</Filter>
    </ClCompile>
    <ClCompile Include="asio_Network.cpp">
      <Filter>Source Files</Filter>
    </ClCompile>
    <ClCompile Include="asio_NetworkHandler.cpp">
      <Filter>Source Files</Filter>
    </ClCompile>
    <ClCompile Include="asio_Server.cpp">
      <Filter>Source Files</Filter>
    </ClCompile>
    <ClCompile Include="asio_Header.cpp">
      <Filter>Source Files</Filter>
    </ClCompile>
    <ClCompile Include="MessageQueue.cpp">
      <Filter>Source Files</Filter>
    </ClCompile>
    <ClCompile Include="Netbase.cpp">
      <Filter>Source Files</Filter>
    </ClCompile>
    <ClCompile Include="ClientSession.cpp">
      <Filter>Source Files</Filter>
    </ClCompile>
    <ClCompile Include="ServerSession.cpp">
      <Filter>Source Files</Filter>
    </ClCompile>
  </ItemGroup>
  <ItemGroup>
    <ClInclude Include="asio_AsyncConnector.h">
      <Filter>Header Files</Filter>
    </ClInclude>
    <ClInclude Include="asio_Header.h">
      <Filter>Header Files</Filter>
    </ClInclude>
    <ClInclude Include="asio_Network.h">
      <Filter>Header Files</Filter>
    </ClInclude>
    <ClInclude Include="asio_NetworkHandler.h">
      <Filter>Header Files</Filter>
    </ClInclude>
    <ClInclude Include="asio_NetworkPacket.h">
      <Filter>Header Files</Filter>
    </ClInclude>
    <ClInclude Include="asio_Server.h">
      <Filter>Header Files</Filter>
    </ClInclude>
    <ClInclude Include="HandlerManager.h">
      <Filter>Header Files</Filter>
    </ClInclude>
    <ClInclude Include="MessageQueue.h">
      <Filter>Header Files</Filter>
    </ClInclude>
    <ClInclude Include="Netbase.h">
      <Filter>Header Files</Filter>
    </ClInclude>
    <ClInclude Include="ClientSession.h">
      <Filter>Header Files</Filter>
    </ClInclude>
    <ClInclude Include="ServerSession.h">
      <Filter>Header Files</Filter>
    </ClInclude>
  </ItemGroup>
</Project>